
Microsoft Visual Studio Solution File, Format Version 12.00
# Visual Studio 2013
VisualStudioVersion = 12.0.40629.0
MinimumVisualStudioVersion = 10.0.40219.1
Project("{FAE04EC0-301F-11D3-BF4B-00C04F79EFBC}") = "Transformers", "Transformers\Transformers.csproj", "{A9CBAEB1-991B-4F92-BA46-84808311FE8F}"
EndProject
Project("{FAE04EC0-301F-11D3-BF4B-00C04F79EFBC}") = "TestTransformers", "TestTransformers\TestTransformers.csproj", "{15D36B83-7E20-4581-A79A-6E9C733D351F}"
EndProject
Global
	GlobalSection(SolutionConfigurationPlatforms) = preSolution
		Debug|Any CPU = Debug|Any CPU
		Release|Any CPU = Release|Any CPU
	EndGlobalSection
	GlobalSection(ProjectConfigurationPlatforms) = postSolution
		{A9CBAEB1-991B-4F92-BA46-84808311FE8F}.Debug|Any CPU.ActiveCfg = Debug|Any CPU
		{A9CBAEB1-991B-4F92-BA46-84808311FE8F}.Debug|Any CPU.Build.0 = Debug|Any CPU
		{A9CBAEB1-991B-4F92-BA46-84808311FE8F}.Release|Any CPU.ActiveCfg = Release|Any CPU
		{A9CBAEB1-991B-4F92-BA46-84808311FE8F}.Release|Any CPU.Build.0 = Release|Any CPU
		{15D36B83-7E20-4581-A79A-6E9C733D351F}.Debug|Any CPU.ActiveCfg = Debug|Any CPU
		{15D36B83-7E20-4581-A79A-6E9C733D351F}.Debug|Any CPU.Build.0 = Debug|Any CPU
		{15D36B83-7E20-4581-A79A-6E9C733D351F}.Release|Any CPU.ActiveCfg = Release|Any CPU
		{15D36B83-7E20-4581-A79A-6E9C733D351F}.Release|Any CPU.Build.0 = Release|Any CPU
	EndGlobalSection
	GlobalSection(SolutionProperties) = preSolution
		HideSolutionNode = FALSE
	EndGlobalSection
	GlobalSection(ExtensibilityGlobals) = postSolution
		VisualSVNWorkingCopyRoot = .
	EndGlobalSection
EndGlobal
